
Microsoft Visual Studio Solution File, Format Version 11.00
# Visual Studio 2010
Project("{FAE04EC0-301F-11D3-BF4B-00C04F79EFBC}") = "Relative Volatility Index", "Relative Volatility Index\Relative Volatility Index.csproj", "{0D8D19E0-869E-4E87-9601-50EBA626D353}"
EndProject
Global
	GlobalSection(SolutionConfigurationPlatforms) = preSolution
		Debug|Any CPU = Debug|Any CPU
		Release|Any CPU = Release|Any CPU
	EndGlobalSection
	GlobalSection(ProjectConfigurationPlatforms) = postSolution
		{0D8D19E0-869E-4E87-9601-50EBA626D353}.Debug|Any CPU.ActiveCfg = Debug|Any CPU
		{0D8D19E0-869E-4E87-9601-50EBA626D353}.Debug|Any CPU.Build.0 = Debug|Any CPU
		{0D8D19E0-869E-4E87-9601-50EBA626D353}.Release|Any CPU.ActiveCfg = Release|Any CPU
		{0D8D19E0-869E-4E87-9601-50EBA626D353}.Release|Any CPU.Build.0 = Release|Any CPU
	EndGlobalSection
	GlobalSection(SolutionProperties) = preSolution
		HideSolutionNode = FALSE
	EndGlobalSection
EndGlobal
